Microsoft Visual Studio Solution File, Format Version 12.00
# Visual Studio Version 17
VisualStudioVersion = 17.0.31903.59
Project("{FAE04EC0-301F-11D3-BF4B-00C04F79EFBC}") = "PulseData.Core", "src\PulseData.Core\PulseData.Core.csproj", "{A1B2C3D4-0001-0001-0001-000000000001}"
EndProject
Project("{FAE04EC0-301F-11D3-BF4B-00C04F79EFBC}") = "PulseData.Infrastructure", "src\PulseData.Infrastructure\PulseData.Infrastructure.csproj", "{A1B2C3D4-0001-0001-0001-000000000002}"
EndProject
Project("{FAE04EC0-301F-11D3-BF4B-00C04F79EFBC}") = "PulseData.API", "src\PulseData.API\PulseData.API.csproj", "{A1B2C3D4-0001-0001-0001-000000000003}"
EndProject
Project("{FAE04EC0-301F-11D3-BF4B-00C04F79EFBC}") = "PulseData.ETL", "src\PulseData.ETL\PulseData.ETL.csproj", "{A1B2C3D4-0001-0001-0001-000000000004}"
EndProject
Project("{2150E333-8FDC-42A3-9474-1A3956D46DE8}") = "tests", "tests", "{BF1ABA79-F34F-471E-ADE8-F827A10A8F2F}"
EndProject
Project("{FAE04EC0-301F-11D3-BF4B-00C04F79EFBC}") = "PulseData.API.Tests", "tests\PulseData.API.Tests\PulseData.API.Tests.csproj", "{791293D1-861D-461A-B5A1-2E72706378D2}"
EndProject
Global
	GlobalSection(SolutionConfigurationPlatforms) = preSolution
		Debug|Any CPU = Debug|Any CPU
		Release|Any CPU = Release|Any CPU
	EndGlobalSection
	GlobalSection(ProjectConfigurationPlatforms) = postSolution
		{A1B2C3D4-0001-0001-0001-000000000001}.Debug|Any CPU.ActiveCfg = Debug|Any CPU
		{A1B2C3D4-0001-0001-0001-000000000001}.Release|Any CPU.ActiveCfg = Release|Any CPU
		{A1B2C3D4-0001-0001-0001-000000000002}.Debug|Any CPU.ActiveCfg = Debug|Any CPU
		{A1B2C3D4-0001-0001-0001-000000000002}.Release|Any CPU.ActiveCfg = Release|Any CPU
		{A1B2C3D4-0001-0001-0001-000000000003}.Debug|Any CPU.ActiveCfg = Debug|Any CPU
		{A1B2C3D4-0001-0001-0001-000000000003}.Release|Any CPU.ActiveCfg = Release|Any CPU
		{A1B2C3D4-0001-0001-0001-000000000004}.Debug|Any CPU.ActiveCfg = Debug|Any CPU
		{A1B2C3D4-0001-0001-0001-000000000004}.Release|Any CPU.ActiveCfg = Release|Any CPU
		{791293D1-861D-461A-B5A1-2E72706378D2}.Debug|Any CPU.ActiveCfg = Debug|Any CPU
		{791293D1-861D-461A-B5A1-2E72706378D2}.Debug|Any CPU.Build.0 = Debug|Any CPU
		{791293D1-861D-461A-B5A1-2E72706378D2}.Release|Any CPU.ActiveCfg = Release|Any CPU
		{791293D1-861D-461A-B5A1-2E72706378D2}.Release|Any CPU.Build.0 = Release|Any CPU
	EndGlobalSection
	GlobalSection(NestedProjects) = preSolution
		{791293D1-861D-461A-B5A1-2E72706378D2} = {BF1ABA79-F34F-471E-ADE8-F827A10A8F2F}
	EndGlobalSection
EndGlobal
